
Microsoft Visual Studio Solution File, Format Version 12.00
# Visual Studio Version 16
VisualStudioVersion = 16.0.31424.327
MinimumVisualStudioVersion = 10.0.40219.1
Project("{FAE04EC0-301F-11D3-BF4B-00C04F79EFBC}") = "CSharp.Capitulo01.Sintaxe", "CSharp.Capitulo01.Sintaxe\CSharp.Capitulo01.Sintaxe.csproj", "{1EBB294B-BAC5-4231-8D80-324CBC3D189E}"
EndProject
Global
	GlobalSection(SolutionConfigurationPlatforms) = preSolution
		Debug|Any CPU = Debug|Any CPU
		Release|Any CPU = Release|Any CPU
	EndGlobalSection
	GlobalSection(ProjectConfigurationPlatforms) = postSolution
		{1EBB294B-BAC5-4231-8D80-324CBC3D189E}.Debug|Any CPU.ActiveCfg = Debug|Any CPU
		{1EBB294B-BAC5-4231-8D80-324CBC3D189E}.Debug|Any CPU.Build.0 = Debug|Any CPU
		{1EBB294B-BAC5-4231-8D80-324CBC3D189E}.Release|Any CPU.ActiveCfg = Release|Any CPU
		{1EBB294B-BAC5-4231-8D80-324CBC3D189E}.Release|Any CPU.Build.0 = Release|Any CPU
	EndGlobalSection
	GlobalSection(SolutionProperties) = preSolution
		HideSolutionNode = FALSE
	EndGlobalSection
	GlobalSection(ExtensibilityGlobals) = postSolution
		SolutionGuid = {84DE2CC7-CB8B-4327-B7F7-B11F49071122}
	EndGlobalSection
EndGlobal
